{
	"name": "@zeiq/mobile",
	"version": "1.0.14",
	"lockfileVersion": 1,
	"requires": true,
	"dependencies": {
		"fsevents": {
			"version": "2.3.2",
			"resolved": "https://registry.npmjs.org/fsevents/-/fsevents-2.3.2.tgz",
			"integrity": "sha512-xiqMQR4xAeHTuB9uWm+fFRcIOgKBMiOBP+eXiyT7jsgVCq1bkVygt00oASowB7EdtpOHaaPgKt812P9ab+DDKA==",
			"dev": true,
			"optional": true
		},
		"lodash": {
			"version": "4.17.21",
			"resolved": "https://registry.npmjs.org/lodash/-/lodash-4.17.21.tgz",
			"integrity": "sha512-v2kDEe57lecTulaDIuNTPy3Ry4gLGJ6Z1O3vE1krgXZNrsQ+LFTGHVxVjcXPs17LhbZVGedAJv8XZ1tvj5FvSg=="
		},
		"rollup": {
			"version": "2.50.2",
			"resolved": "https://registry.npmjs.org/rollup/-/rollup-2.50.2.tgz",
			"integrity": "sha512-Ra5JkxSiZPZZFnvE68KWtlrLnZGg5LNaV1n1esq4ch69P7ReeoRVlrTuL/k+L/GJfcowA5An0BEhEq2Hfzwl6w==",
			"dev": true,
			"requires": {
				"fsevents": "~2.3.1"
			}
		}
	}
}
