# THIS IS AN AUTOGENERATED FILE. DO NOT EDIT THIS FILE DIRECTLY.
# yarn lockfile v1


fsevents@~2.3.1:
  version "2.3.2"
  resolved "https://registry.yarnpkg.com/fsevents/-/fsevents-2.3.2.tgz#8a526f78b8fdf4623b709e0b975c52c24c02fd1a"
  integrity sha512-xiqMQR4xAeHTuB9uWm+fFRcIOgKBMiOBP+eXiyT7jsgVCq1bkVygt00oASowB7EdtpOHaaPgKt812P9ab+DDKA==

lodash@^4.17.21:
  version "4.17.21"
  resolved "https://registry.yarnpkg.com/lodash/-/lodash-4.17.21.tgz#679591c564c3bffaae8454cf0b3df370c3d6911c"
  integrity sha512-v2kDEe57lecTulaDIuNTPy3Ry4gLGJ6Z1O3vE1krgXZNrsQ+LFTGHVxVjcXPs17LhbZVGedAJv8XZ1tvj5FvSg==

rollup@^2.50.2:
  version "2.50.2"
  resolved "https://registry.yarnpkg.com/rollup/-/rollup-2.50.2.tgz#640c500c68c698f62efb01857e0ff06fcd18181f"
  integrity sha512-Ra5JkxSiZPZZFnvE68KWtlrLnZGg5LNaV1n1esq4ch69P7ReeoRVlrTuL/k+L/GJfcowA5An0BEhEq2Hfzwl6w==
  optionalDependencies:
    fsevents "~2.3.1"
